
Microsoft Visual Studio Solution File, Format Version 12.00
# Visual Studio Version 16
VisualStudioVersion = 16.0.30128.74
MinimumVisualStudioVersion = 10.0.40219.1
Project("{FAE04EC0-301F-11D3-BF4B-00C04F79EFBC}") = "RestaurantRater", "RestaurantRater\RestaurantRater.csproj", "{CF5D52DE-536B-4788-97EB-B589A49AF63B}"
EndProject
Global
	GlobalSection(SolutionConfigurationPlatforms) = preSolution
		Debug|Any CPU = Debug|Any CPU
		Release|Any CPU = Release|Any CPU
	EndGlobalSection
	GlobalSection(ProjectConfigurationPlatforms) = postSolution
		{CF5D52DE-536B-4788-97EB-B589A49AF63B}.Debug|Any CPU.ActiveCfg = Debug|Any CPU
		{CF5D52DE-536B-4788-97EB-B589A49AF63B}.Debug|Any CPU.Build.0 = Debug|Any CPU
		{CF5D52DE-536B-4788-97EB-B589A49AF63B}.Release|Any CPU.ActiveCfg = Release|Any CPU
		{CF5D52DE-536B-4788-97EB-B589A49AF63B}.Release|Any CPU.Build.0 = Release|Any CPU
	EndGlobalSection
	GlobalSection(SolutionProperties) = preSolution
		HideSolutionNode = FALSE
	EndGlobalSection
	GlobalSection(ExtensibilityGlobals) = postSolution
		SolutionGuid = {66E06649-4638-461D-B119-5E9B02EC1F75}
	EndGlobalSection
EndGlobal
